
Microsoft Visual Studio Solution File, Format Version 12.00
# Visual Studio Version 16
VisualStudioVersion = 16.0.31025.194
MinimumVisualStudioVersion = 10.0.40219.1
Project("{9A19103F-16F7-4668-BE54-9A1E7A4F7556}") = "MISA.CukCuk.API", "MISA.CukCuk.API\MISA.CukCuk.API.csproj", "{D4A59E97-BD2A-4C57-910F-C19515743CFB}"
EndProject
Project("{FAE04EC0-301F-11D3-BF4B-00C04F79EFBC}") = "MISA.CukCuk.Core", "MISA.CukCuk.Core\MISA.CukCuk.Core.csproj", "{2D9FB8BB-1AD6-4290-AAA2-0CC5BC42F198}"
EndProject
Project("{FAE04EC0-301F-11D3-BF4B-00C04F79EFBC}") = "MISA.CukCuk.Infrastructure", "MISA.CukCuk.Infrastructure\MISA.CukCuk.Infrastructure.csproj", "{AE2DCE67-9D84-4C33-B9F7-96E103B96A63}"
EndProject
Global
	GlobalSection(SolutionConfigurationPlatforms) = preSolution
		Debug|Any CPU = Debug|Any CPU
		Release|Any CPU = Release|Any CPU
	EndGlobalSection
	GlobalSection(ProjectConfigurationPlatforms) = postSolution
		{D4A59E97-BD2A-4C57-910F-C19515743CFB}.Debug|Any CPU.ActiveCfg = Debug|Any CPU
		{D4A59E97-BD2A-4C57-910F-C19515743CFB}.Debug|Any CPU.Build.0 = Debug|Any CPU
		{D4A59E97-BD2A-4C57-910F-C19515743CFB}.Release|Any CPU.ActiveCfg = Release|Any CPU
		{D4A59E97-BD2A-4C57-910F-C19515743CFB}.Release|Any CPU.Build.0 = Release|Any CPU
		{2D9FB8BB-1AD6-4290-AAA2-0CC5BC42F198}.Debug|Any CPU.ActiveCfg = Debug|Any CPU
		{2D9FB8BB-1AD6-4290-AAA2-0CC5BC42F198}.Debug|Any CPU.Build.0 = Debug|Any CPU
		{2D9FB8BB-1AD6-4290-AAA2-0CC5BC42F198}.Release|Any CPU.ActiveCfg = Release|Any CPU
		{2D9FB8BB-1AD6-4290-AAA2-0CC5BC42F198}.Release|Any CPU.Build.0 = Release|Any CPU
		{AE2DCE67-9D84-4C33-B9F7-96E103B96A63}.Debug|Any CPU.ActiveCfg = Debug|Any CPU
		{AE2DCE67-9D84-4C33-B9F7-96E103B96A63}.Debug|Any CPU.Build.0 = Debug|Any CPU
		{AE2DCE67-9D84-4C33-B9F7-96E103B96A63}.Release|Any CPU.ActiveCfg = Release|Any CPU
		{AE2DCE67-9D84-4C33-B9F7-96E103B96A63}.Release|Any CPU.Build.0 = Release|Any CPU
	EndGlobalSection
	GlobalSection(SolutionProperties) = preSolution
		HideSolutionNode = FALSE
	EndGlobalSection
	GlobalSection(ExtensibilityGlobals) = postSolution
		SolutionGuid = {AE44318B-0BFC-493D-8554-C013DB834320}
	EndGlobalSection
EndGlobal
